{
  "name": "multix-hyperlane",
  "version": "0.1.0",
  "lockfileVersion": 3,
  "requires": true,
  "packages": {
    "": {
      "name": "multix-hyperlane",
      "version": "0.1.0",
      "devDependencies": {
        "@hyperlane-xyz/cli": "^36.0.0"
      }
    },
    "node_modules/@hyperlane-xyz/cli": {
      "version": "36.0.0",
      "resolved": "https://registry.npmjs.org/@hyperlane-xyz/cli/-/cli-36.0.0.tgz",
      "integrity": "sha512-eC/es9BS3l0+HiO44KeB6HKzUjilg+m59Wgj1sPx5ypkzAeITCZ2eyrnfAEQ1Ae60RwB0Xmao68ZnUO/sNh5jQ==",
      "dev": true,
      "license": "Apache-2.0",
      "bin": {
        "hyperlane": "bundle/index.js"
      },
      "engines": {
        "node": ">=16"
      }
    }
  }
}
