{
  "name": "multix-hyperlane",
  "version": "0.1.0",
  "lockfileVersion": 3,
  "requires": true,
  "packages": {
    "": {
      "name": "multix-hyperlane",
      "version": "0.1.0",
      "devDependencies": {
        "@hyperlane-xyz/cli": "^39.1.0"
      }
    },
    "node_modules/@hyperlane-xyz/cli": {
      "version": "39.1.0",
      "resolved": "https://registry.npmjs.org/@hyperlane-xyz/cli/-/cli-39.1.0.tgz",
      "integrity": "sha512-o7XQdcLLmrWtJAgMNE9cLr011LfBzNsAW8xFqBaIG3QtzCPX8asYITCpeROGWJdH+042RbSesXZcYFM1UReJMg==",
      "dev": true,
      "license": "Apache-2.0",
      "bin": {
        "hyperlane": "bundle/index.js"
      },
      "engines": {
        "node": ">=16"
      }
    }
  }
}
